
Microsoft Visual Studio Solution File, Format Version 12.00
# Visual Studio 15
VisualStudioVersion = 15.0.27130.2036
MinimumVisualStudioVersion = 10.0.40219.1
Project("{8BC9CEB8-8B4A-11D0-8D11-00A0C91BC942}") = "Common", "Common\Common.vcxproj", "{C553DD90-2F1E-4AD3-A98D-F564F96172E0}"
EndProject
Project("{8BC9CEB8-8B4A-11D0-8D11-00A0C91BC942}") = "Cap6 - Drawing in Direct3D", "Cap6 - Drawing in Direct3D\Cap6 - Drawing in Direct3D.vcxproj", "{EFBFBC16-863E-41DE-8D1F-6923BB2F8301}"
	ProjectSection(ProjectDependencies) = postProject
		{C553DD90-2F1E-4AD3-A98D-F564F96172E0} = {C553DD90-2F1E-4AD3-A98D-F564F96172E0}
	EndProjectSection
EndProject
Project("{8BC9CEB8-8B4A-11D0-8D11-00A0C91BC942}") = "Cap4 - Direct3D Initialization", "Cap4 - Direct3D Initialization\Cap4 - Direct3D Initialization.vcxproj", "{F6CEF2DC-1998-487C-AC9B-F53371761396}"
	ProjectSection(ProjectDependencies) = postProject
		{C553DD90-2F1E-4AD3-A98D-F564F96172E0} = {C553DD90-2F1E-4AD3-A98D-F564F96172E0}
	EndProjectSection
EndProject
Project("{8BC9CEB8-8B4A-11D0-8D11-00A0C91BC942}") = "Cap7 - Drawing in Direct3D II - Shapes", "Cap7 - Drawing in Direct3D II - Shapes\Cap7 - Drawing in Direct3D II - Shapes.vcxproj", "{B7466330-21EC-44DC-A6F2-BE21B4123470}"
	ProjectSection(ProjectDependencies) = postProject
		{C553DD90-2F1E-4AD3-A98D-F564F96172E0} = {C553DD90-2F1E-4AD3-A98D-F564F96172E0}
	EndProjectSection
EndProject
Project("{8BC9CEB8-8B4A-11D0-8D11-00A0C91BC942}") = "Cap7 - Drawing in Direct3D II - LandAndWaves", "Cap7 - Drawing in Direct3D II - LandAndWaves\Cap7 - Drawing in Direct3D II - LandAndWaves.vcxproj", "{C7F2C989-8B27-4B5A-83C2-803C39FFF9AF}"
	ProjectSection(ProjectDependencies) = postProject
		{C553DD90-2F1E-4AD3-A98D-F564F96172E0} = {C553DD90-2F1E-4AD3-A98D-F564F96172E0}
	EndProjectSection
EndProject
Project("{8BC9CEB8-8B4A-11D0-8D11-00A0C91BC942}") = "Cap8 - Lighting", "Cap8 - Lighting\Cap8 - Lighting.vcxproj", "{11D30F21-1DD4-4715-B1D4-4FD249BB5A27}"
	ProjectSection(ProjectDependencies) = postProject
		{C553DD90-2F1E-4AD3-A98D-F564F96172E0} = {C553DD90-2F1E-4AD3-A98D-F564F96172E0}
	EndProjectSection
EndProject
Project("{8BC9CEB8-8B4A-11D0-8D11-00A0C91BC942}") = "Cap9 - Texturing - Crate", "Cap9 - Texturing - Crate\Cap9 - Texturing - Crate.vcxproj", "{C06DDE53-0704-4BAF-AE96-C5DED5EBA707}"
EndProject
Project("{8BC9CEB8-8B4A-11D0-8D11-00A0C91BC942}") = "Cap9 - Texturing - LandAndWaves", "Cap9 - Texturing - LandAndWaves\Cap9 - Texturing - LandAndWaves.vcxproj", "{A8A2F304-9E25-4775-A370-EF98F94D0044}"
	ProjectSection(ProjectDependencies) = postProject
		{C553DD90-2F1E-4AD3-A98D-F564F96172E0} = {C553DD90-2F1E-4AD3-A98D-F564F96172E0}
	EndProjectSection
EndProject
Project("{8BC9CEB8-8B4A-11D0-8D11-00A0C91BC942}") = "Cap9 - Texturing - Shapes", "Cap9 - Texturing - Shapes\Cap9 - Texturing - Shapes.vcxproj", "{46D29D7B-B062-4D30-AA9A-2F72EBA96A54}"
	ProjectSection(ProjectDependencies) = postProject
		{C553DD90-2F1E-4AD3-A98D-F564F96172E0} = {C553DD90-2F1E-4AD3-A98D-F564F96172E0}
	EndProjectSection
EndProject
Project("{8BC9CEB8-8B4A-11D0-8D11-00A0C91BC942}") = "Cap10 - Blending", "Cap10 - Blending\Cap10 - Blending.vcxproj", "{5048697F-D6C5-43AE-AD53-C25AC54228E9}"
	ProjectSection(ProjectDependencies) = postProject
		{C553DD90-2F1E-4AD3-A98D-F564F96172E0} = {C553DD90-2F1E-4AD3-A98D-F564F96172E0}
	EndProjectSection
EndProject
Project("{8BC9CEB8-8B4A-11D0-8D11-00A0C91BC942}") = "Cap11 - Stenciling", "Cap11 - Stenciling\Cap11 - Stenciling.vcxproj", "{88CA254A-2325-4095-BBCC-57DE8F7E1DE4}"
	ProjectSection(ProjectDependencies) = postProject
		{C553DD90-2F1E-4AD3-A98D-F564F96172E0} = {C553DD90-2F1E-4AD3-A98D-F564F96172E0}
	EndProjectSection
EndProject
Project("{8BC9CEB8-8B4A-11D0-8D11-00A0C91BC942}") = "Cap12 - Geometry Shader", "Cap12 - Geometry Shader\Cap12 - Geometry Shader.vcxproj", "{D87D4D70-F920-449A-A032-3D9EA28C1D87}"
EndProject
Project("{2150E333-8FDC-42A3-9474-1A3956D46DE8}") = "Cap9 - Texturing", "Cap9 - Texturing", "{41FFB5AC-8E1C-401B-A6E0-E4E61F36F4B4}"
EndProject
Project("{2150E333-8FDC-42A3-9474-1A3956D46DE8}") = "Cap7 - Drawing in Direct3D II", "Cap7 - Drawing in Direct3D II", "{949958E2-0059-479C-B6D8-E85D1FF29652}"
EndProject
Project("{2150E333-8FDC-42A3-9474-1A3956D46DE8}") = "Cap13 - Compute Shader", "Cap13 - Compute Shader", "{EF0EEF2C-B099-48EC-9E0E-A9307D1DF025}"
EndProject
Project("{8BC9CEB8-8B4A-11D0-8D11-00A0C91BC942}") = "Cap13 - Compute Shader - VecAdd", "Cap13 - Compute Shader - VecAdd\Cap13 - Compute Shader - VecAdd.vcxproj", "{B87F8BAB-278D-4D55-B455-A8B7AE2736A8}"
	ProjectSection(ProjectDependencies) = postProject
		{C553DD90-2F1E-4AD3-A98D-F564F96172E0} = {C553DD90-2F1E-4AD3-A98D-F564F96172E0}
	EndProjectSection
EndProject
Project("{8BC9CEB8-8B4A-11D0-8D11-00A0C91BC942}") = "Cap13 - Compute Shader - Blur", "Cap13 - Compute Shader - Blur\Cap13 - Compute Shader - Blur.vcxproj", "{880CECA9-CC8C-408B-97C5-E245EF48045C}"
EndProject
Project("{2150E333-8FDC-42A3-9474-1A3956D46DE8}") = "Cap14 - The Tessellation Stages", "Cap14 - The Tessellation Stages", "{0C7F563B-7DFF-4345-9D05-29B4745D7FB0}"
EndProject
Project("{8BC9CEB8-8B4A-11D0-8D11-00A0C91BC942}") = "Cap14 - The Tessellation Stages - BasicTessellation", "Cap14 - The Tessellation Stages - BasicTessellation\Cap14 - The Tessellation Stages - BasicTessellation.vcxproj", "{30A215E8-062B-476D-A0CF-61EF7973FE46}"
EndProject
Project("{8BC9CEB8-8B4A-11D0-8D11-00A0C91BC942}") = "Cap14 - The Tessellation Stages - BezierPatch", "Cap14 - The Tessellation Stages - BezierPatch\Cap14 - The Tessellation Stages - BezierPatch.vcxproj", "{25CB9D1A-76C2-4BEA-A47A-2645367CDEAB}"
EndProject
Project("{8BC9CEB8-8B4A-11D0-8D11-00A0C91BC942}") = "Cap15 - Dynamic Indexing", "Cap15 - Dynamic Indexing\Cap15 - Dynamic Indexing.vcxproj", "{F69C6E99-3159-4CAE-BB4A-586917815095}"
	ProjectSection(ProjectDependencies) = postProject
		{C553DD90-2F1E-4AD3-A98D-F564F96172E0} = {C553DD90-2F1E-4AD3-A98D-F564F96172E0}
	EndProjectSection
EndProject
Global
	GlobalSection(SolutionConfigurationPlatforms) = preSolution
		Debug|x64 = Debug|x64
		Debug|x86 = Debug|x86
		Release|x64 = Release|x64
		Release|x86 = Release|x86
	EndGlobalSection
	GlobalSection(ProjectConfigurationPlatforms) = postSolution
		{C553DD90-2F1E-4AD3-A98D-F564F96172E0}.Debug|x64.ActiveCfg = Debug|x64
		{C553DD90-2F1E-4AD3-A98D-F564F96172E0}.Debug|x64.Build.0 = Debug|x64
		{C553DD90-2F1E-4AD3-A98D-F564F96172E0}.Debug|x86.ActiveCfg = Debug|x64
		{C553DD90-2F1E-4AD3-A98D-F564F96172E0}.Debug|x86.Build.0 = Debug|x64
		{C553DD90-2F1E-4AD3-A98D-F564F96172E0}.Release|x64.ActiveCfg = Release|x64
		{C553DD90-2F1E-4AD3-A98D-F564F96172E0}.Release|x64.Build.0 = Release|x64
		{C553DD90-2F1E-4AD3-A98D-F564F96172E0}.Release|x86.ActiveCfg = Debug|x64
		{C553DD90-2F1E-4AD3-A98D-F564F96172E0}.Release|x86.Build.0 = Debug|x64
		{EFBFBC16-863E-41DE-8D1F-6923BB2F8301}.Debug|x64.ActiveCfg = Debug|x64
		{EFBFBC16-863E-41DE-8D1F-6923BB2F8301}.Debug|x64.Build.0 = Debug|x64
		{EFBFBC16-863E-41DE-8D1F-6923BB2F8301}.Debug|x86.ActiveCfg = Debug|x64
		{EFBFBC16-863E-41DE-8D1F-6923BB2F8301}.Debug|x86.Build.0 = Debug|x64
		{EFBFBC16-863E-41DE-8D1F-6923BB2F8301}.Release|x64.ActiveCfg = Debug|x64
		{EFBFBC16-863E-41DE-8D1F-6923BB2F8301}.Release|x64.Build.0 = Debug|x64
		{EFBFBC16-863E-41DE-8D1F-6923BB2F8301}.Release|x86.ActiveCfg = Debug|x64
		{EFBFBC16-863E-41DE-8D1F-6923BB2F8301}.Release|x86.Build.0 = Debug|x64
		{F6CEF2DC-1998-487C-AC9B-F53371761396}.Debug|x64.ActiveCfg = Debug|x64
		{F6CEF2DC-1998-487C-AC9B-F53371761396}.Debug|x64.Build.0 = Debug|x64
		{F6CEF2DC-1998-487C-AC9B-F53371761396}.Debug|x86.ActiveCfg = Debug|x64
		{F6CEF2DC-1998-487C-AC9B-F53371761396}.Debug|x86.Build.0 = Debug|x64
		{F6CEF2DC-1998-487C-AC9B-F53371761396}.Release|x64.ActiveCfg = Debug|x64
		{F6CEF2DC-1998-487C-AC9B-F53371761396}.Release|x64.Build.0 = Debug|x64
		{F6CEF2DC-1998-487C-AC9B-F53371761396}.Release|x86.ActiveCfg = Debug|x64
		{F6CEF2DC-1998-487C-AC9B-F53371761396}.Release|x86.Build.0 = Debug|x64
		{B7466330-21EC-44DC-A6F2-BE21B4123470}.Debug|x64.ActiveCfg = Debug|x64
		{B7466330-21EC-44DC-A6F2-BE21B4123470}.Debug|x64.Build.0 = Debug|x64
		{B7466330-21EC-44DC-A6F2-BE21B4123470}.Debug|x86.ActiveCfg = Debug|Win32
		{B7466330-21EC-44DC-A6F2-BE21B4123470}.Debug|x86.Build.0 = Debug|Win32
		{B7466330-21EC-44DC-A6F2-BE21B4123470}.Release|x64.ActiveCfg = Release|x64
		{B7466330-21EC-44DC-A6F2-BE21B4123470}.Release|x64.Build.0 = Release|x64
		{B7466330-21EC-44DC-A6F2-BE21B4123470}.Release|x86.ActiveCfg = Release|Win32
		{B7466330-21EC-44DC-A6F2-BE21B4123470}.Release|x86.Build.0 = Release|Win32
		{C7F2C989-8B27-4B5A-83C2-803C39FFF9AF}.Debug|x64.ActiveCfg = Debug|x64
		{C7F2C989-8B27-4B5A-83C2-803C39FFF9AF}.Debug|x64.Build.0 = Debug|x64
		{C7F2C989-8B27-4B5A-83C2-803C39FFF9AF}.Debug|x86.ActiveCfg = Debug|Win32
		{C7F2C989-8B27-4B5A-83C2-803C39FFF9AF}.Debug|x86.Build.0 = Debug|Win32
		{C7F2C989-8B27-4B5A-83C2-803C39FFF9AF}.Release|x64.ActiveCfg = Release|x64
		{C7F2C989-8B27-4B5A-83C2-803C39FFF9AF}.Release|x64.Build.0 = Release|x64
		{C7F2C989-8B27-4B5A-83C2-803C39FFF9AF}.Release|x86.ActiveCfg = Release|Win32
		{C7F2C989-8B27-4B5A-83C2-803C39FFF9AF}.Release|x86.Build.0 = Release|Win32
		{11D30F21-1DD4-4715-B1D4-4FD249BB5A27}.Debug|x64.ActiveCfg = Debug|x64
		{11D30F21-1DD4-4715-B1D4-4FD249BB5A27}.Debug|x64.Build.0 = Debug|x64
		{11D30F21-1DD4-4715-B1D4-4FD249BB5A27}.Debug|x86.ActiveCfg = Debug|Win32
		{11D30F21-1DD4-4715-B1D4-4FD249BB5A27}.Debug|x86.Build.0 = Debug|Win32
		{11D30F21-1DD4-4715-B1D4-4FD249BB5A27}.Release|x64.ActiveCfg = Release|x64
		{11D30F21-1DD4-4715-B1D4-4FD249BB5A27}.Release|x64.Build.0 = Release|x64
		{11D30F21-1DD4-4715-B1D4-4FD249BB5A27}.Release|x86.ActiveCfg = Release|Win32
		{11D30F21-1DD4-4715-B1D4-4FD249BB5A27}.Release|x86.Build.0 = Release|Win32
		{C06DDE53-0704-4BAF-AE96-C5DED5EBA707}.Debug|x64.ActiveCfg = Debug|x64
		{C06DDE53-0704-4BAF-AE96-C5DED5EBA707}.Debug|x64.Build.0 = Debug|x64
		{C06DDE53-0704-4BAF-AE96-C5DED5EBA707}.Debug|x86.ActiveCfg = Debug|Win32
		{C06DDE53-0704-4BAF-AE96-C5DED5EBA707}.Debug|x86.Build.0 = Debug|Win32
		{C06DDE53-0704-4BAF-AE96-C5DED5EBA707}.Release|x64.ActiveCfg = Release|x64
		{C06DDE53-0704-4BAF-AE96-C5DED5EBA707}.Release|x64.Build.0 = Release|x64
		{C06DDE53-0704-4BAF-AE96-C5DED5EBA707}.Release|x86.ActiveCfg = Release|Win32
		{C06DDE53-0704-4BAF-AE96-C5DED5EBA707}.Release|x86.Build.0 = Release|Win32
		{A8A2F304-9E25-4775-A370-EF98F94D0044}.Debug|x64.ActiveCfg = Debug|x64
		{A8A2F304-9E25-4775-A370-EF98F94D0044}.Debug|x64.Build.0 = Debug|x64
		{A8A2F304-9E25-4775-A370-EF98F94D0044}.Debug|x86.ActiveCfg = Debug|Win32
		{A8A2F304-9E25-4775-A370-EF98F94D0044}.Debug|x86.Build.0 = Debug|Win32
		{A8A2F304-9E25-4775-A370-EF98F94D0044}.Release|x64.ActiveCfg = Release|x64
		{A8A2F304-9E25-4775-A370-EF98F94D0044}.Release|x64.Build.0 = Release|x64
		{A8A2F304-9E25-4775-A370-EF98F94D0044}.Release|x86.ActiveCfg = Release|Win32
		{A8A2F304-9E25-4775-A370-EF98F94D0044}.Release|x86.Build.0 = Release|Win32
		{46D29D7B-B062-4D30-AA9A-2F72EBA96A54}.Debug|x64.ActiveCfg = Debug|x64
		{46D29D7B-B062-4D30-AA9A-2F72EBA96A54}.Debug|x64.Build.0 = Debug|x64
		{46D29D7B-B062-4D30-AA9A-2F72EBA96A54}.Debug|x86.ActiveCfg = Debug|Win32
		{46D29D7B-B062-4D30-AA9A-2F72EBA96A54}.Debug|x86.Build.0 = Debug|Win32
		{46D29D7B-B062-4D30-AA9A-2F72EBA96A54}.Release|x64.ActiveCfg = Release|x64
		{46D29D7B-B062-4D30-AA9A-2F72EBA96A54}.Release|x64.Build.0 = Release|x64
		{46D29D7B-B062-4D30-AA9A-2F72EBA96A54}.Release|x86.ActiveCfg = Release|Win32
		{46D29D7B-B062-4D30-AA9A-2F72EBA96A54}.Release|x86.Build.0 = Release|Win32
		{5048697F-D6C5-43AE-AD53-C25AC54228E9}.Debug|x64.ActiveCfg = Debug|x64
		{5048697F-D6C5-43AE-AD53-C25AC54228E9}.Debug|x64.Build.0 = Debug|x64
		{5048697F-D6C5-43AE-AD53-C25AC54228E9}.Debug|x86.ActiveCfg = Debug|Win32
		{5048697F-D6C5-43AE-AD53-C25AC54228E9}.Debug|x86.Build.0 = Debug|Win32
		{5048697F-D6C5-43AE-AD53-C25AC54228E9}.Release|x64.ActiveCfg = Release|x64
		{5048697F-D6C5-43AE-AD53-C25AC54228E9}.Release|x64.Build.0 = Release|x64
		{5048697F-D6C5-43AE-AD53-C25AC54228E9}.Release|x86.ActiveCfg = Release|Win32
		{5048697F-D6C5-43AE-AD53-C25AC54228E9}.Release|x86.Build.0 = Release|Win32
		{88CA254A-2325-4095-BBCC-57DE8F7E1DE4}.Debug|x64.ActiveCfg = Debug|x64
		{88CA254A-2325-4095-BBCC-57DE8F7E1DE4}.Debug|x64.Build.0 = Debug|x64
		{88CA254A-2325-4095-BBCC-57DE8F7E1DE4}.Debug|x86.ActiveCfg = Debug|Win32
		{88CA254A-2325-4095-BBCC-57DE8F7E1DE4}.Debug|x86.Build.0 = Debug|Win32
		{88CA254A-2325-4095-BBCC-57DE8F7E1DE4}.Release|x64.ActiveCfg = Release|x64
		{88CA254A-2325-4095-BBCC-57DE8F7E1DE4}.Release|x64.Build.0 = Release|x64
		{88CA254A-2325-4095-BBCC-57DE8F7E1DE4}.Release|x86.ActiveCfg = Release|Win32
		{88CA254A-2325-4095-BBCC-57DE8F7E1DE4}.Release|x86.Build.0 = Release|Win32
		{D87D4D70-F920-449A-A032-3D9EA28C1D87}.Debug|x64.ActiveCfg = Debug|x64
		{D87D4D70-F920-449A-A032-3D9EA28C1D87}.Debug|x64.Build.0 = Debug|x64
		{D87D4D70-F920-449A-A032-3D9EA28C1D87}.Debug|x86.ActiveCfg = Debug|Win32
		{D87D4D70-F920-449A-A032-3D9EA28C1D87}.Debug|x86.Build.0 = Debug|Win32
		{D87D4D70-F920-449A-A032-3D9EA28C1D87}.Release|x64.ActiveCfg = Release|x64
		{D87D4D70-F920-449A-A032-3D9EA28C1D87}.Release|x64.Build.0 = Release|x64
		{D87D4D70-F920-449A-A032-3D9EA28C1D87}.Release|x86.ActiveCfg = Release|Win32
		{D87D4D70-F920-449A-A032-3D9EA28C1D87}.Release|x86.Build.0 = Release|Win32
		{B87F8BAB-278D-4D55-B455-A8B7AE2736A8}.Debug|x64.ActiveCfg = Debug|x64
		{B87F8BAB-278D-4D55-B455-A8B7AE2736A8}.Debug|x64.Build.0 = Debug|x64
		{B87F8BAB-278D-4D55-B455-A8B7AE2736A8}.Debug|x86.ActiveCfg = Debug|Win32
		{B87F8BAB-278D-4D55-B455-A8B7AE2736A8}.Debug|x86.Build.0 = Debug|Win32
		{B87F8BAB-278D-4D55-B455-A8B7AE2736A8}.Release|x64.ActiveCfg = Release|x64
		{B87F8BAB-278D-4D55-B455-A8B7AE2736A8}.Release|x64.Build.0 = Release|x64
		{B87F8BAB-278D-4D55-B455-A8B7AE2736A8}.Release|x86.ActiveCfg = Release|Win32
		{B87F8BAB-278D-4D55-B455-A8B7AE2736A8}.Release|x86.Build.0 = Release|Win32
		{880CECA9-CC8C-408B-97C5-E245EF48045C}.Debug|x64.ActiveCfg = Debug|x64
		{880CECA9-CC8C-408B-97C5-E245EF48045C}.Debug|x64.Build.0 = Debug|x64
		{880CECA9-CC8C-408B-97C5-E245EF48045C}.Debug|x86.ActiveCfg = Debug|Win32
		{880CECA9-CC8C-408B-97C5-E245EF48045C}.Debug|x86.Build.0 = Debug|Win32
		{880CECA9-CC8C-408B-97C5-E245EF48045C}.Release|x64.ActiveCfg = Release|x64
		{880CECA9-CC8C-408B-97C5-E245EF48045C}.Release|x64.Build.0 = Release|x64
		{880CECA9-CC8C-408B-97C5-E245EF48045C}.Release|x86.ActiveCfg = Release|Win32
		{880CECA9-CC8C-408B-97C5-E245EF48045C}.Release|x86.Build.0 = Release|Win32
		{30A215E8-062B-476D-A0CF-61EF7973FE46}.Debug|x64.ActiveCfg = Debug|x64
		{30A215E8-062B-476D-A0CF-61EF7973FE46}.Debug|x64.Build.0 = Debug|x64
		{30A215E8-062B-476D-A0CF-61EF7973FE46}.Debug|x86.ActiveCfg = Debug|Win32
		{30A215E8-062B-476D-A0CF-61EF7973FE46}.Debug|x86.Build.0 = Debug|Win32
		{30A215E8-062B-476D-A0CF-61EF7973FE46}.Release|x64.ActiveCfg = Release|x64
		{30A215E8-062B-476D-A0CF-61EF7973FE46}.Release|x64.Build.0 = Release|x64
		{30A215E8-062B-476D-A0CF-61EF7973FE46}.Release|x86.ActiveCfg = Release|Win32
		{30A215E8-062B-476D-A0CF-61EF7973FE46}.Release|x86.Build.0 = Release|Win32
		{25CB9D1A-76C2-4BEA-A47A-2645367CDEAB}.Debug|x64.ActiveCfg = Debug|x64
		{25CB9D1A-76C2-4BEA-A47A-2645367CDEAB}.Debug|x64.Build.0 = Debug|x64
		{25CB9D1A-76C2-4BEA-A47A-2645367CDEAB}.Debug|x86.ActiveCfg = Debug|Win32
		{25CB9D1A-76C2-4BEA-A47A-2645367CDEAB}.Debug|x86.Build.0 = Debug|Win32
		{25CB9D1A-76C2-4BEA-A47A-2645367CDEAB}.Release|x64.ActiveCfg = Release|x64
		{25CB9D1A-76C2-4BEA-A47A-2645367CDEAB}.Release|x64.Build.0 = Release|x64
		{25CB9D1A-76C2-4BEA-A47A-2645367CDEAB}.Release|x86.ActiveCfg = Release|Win32
		{25CB9D1A-76C2-4BEA-A47A-2645367CDEAB}.Release|x86.Build.0 = Release|Win32
		{F69C6E99-3159-4CAE-BB4A-586917815095}.Debug|x64.ActiveCfg = Debug|x64
		{F69C6E99-3159-4CAE-BB4A-586917815095}.Debug|x64.Build.0 = Debug|x64
		{F69C6E99-3159-4CAE-BB4A-586917815095}.Debug|x86.ActiveCfg = Debug|Win32
		{F69C6E99-3159-4CAE-BB4A-586917815095}.Debug|x86.Build.0 = Debug|Win32
		{F69C6E99-3159-4CAE-BB4A-586917815095}.Release|x64.ActiveCfg = Release|x64
		{F69C6E99-3159-4CAE-BB4A-586917815095}.Release|x64.Build.0 = Release|x64
		{F69C6E99-3159-4CAE-BB4A-586917815095}.Release|x86.ActiveCfg = Release|Win32
		{F69C6E99-3159-4CAE-BB4A-586917815095}.Release|x86.Build.0 = Release|Win32
	EndGlobalSection
	GlobalSection(SolutionProperties) = preSolution
		HideSolutionNode = FALSE
	EndGlobalSection
	GlobalSection(NestedProjects) = preSolution
		{B7466330-21EC-44DC-A6F2-BE21B4123470} = {949958E2-0059-479C-B6D8-E85D1FF29652}
		{C7F2C989-8B27-4B5A-83C2-803C39FFF9AF} = {949958E2-0059-479C-B6D8-E85D1FF29652}
		{C06DDE53-0704-4BAF-AE96-C5DED5EBA707} = {41FFB5AC-8E1C-401B-A6E0-E4E61F36F4B4}
		{A8A2F304-9E25-4775-A370-EF98F94D0044} = {41FFB5AC-8E1C-401B-A6E0-E4E61F36F4B4}
		{46D29D7B-B062-4D30-AA9A-2F72EBA96A54} = {41FFB5AC-8E1C-401B-A6E0-E4E61F36F4B4}
		{B87F8BAB-278D-4D55-B455-A8B7AE2736A8} = {EF0EEF2C-B099-48EC-9E0E-A9307D1DF025}
		{880CECA9-CC8C-408B-97C5-E245EF48045C} = {EF0EEF2C-B099-48EC-9E0E-A9307D1DF025}
		{30A215E8-062B-476D-A0CF-61EF7973FE46} = {0C7F563B-7DFF-4345-9D05-29B4745D7FB0}
		{25CB9D1A-76C2-4BEA-A47A-2645367CDEAB} = {0C7F563B-7DFF-4345-9D05-29B4745D7FB0}
	EndGlobalSection
	GlobalSection(ExtensibilityGlobals) = postSolution
		SolutionGuid = {8F2D6486-63A7-4A78-AA03-396A9D7190F3}
	EndGlobalSection
EndGlobal
